
Microsoft Visual Studio Solution File, Format Version 12.00
# Visual Studio Version 17
VisualStudioVersion = 17.6.33829.357
MinimumVisualStudioVersion = 10.0.40219.1
Project("{FAE04EC0-301F-11D3-BF4B-00C04F79EFBC}") = "SimpleFermaThrm", "SimpleFermaThrm.csproj", "{4F71CF5E-7BAF-4768-BB12-50CEACBF5ADE}"
EndProject
Global
	GlobalSection(SolutionConfigurationPlatforms) = preSolution
		Debug|Any CPU = Debug|Any CPU
		Release|Any CPU = Release|Any CPU
	EndGlobalSection
	GlobalSection(ProjectConfigurationPlatforms) = postSolution
		{4F71CF5E-7BAF-4768-BB12-50CEACBF5ADE}.Debug|Any CPU.ActiveCfg = Debug|Any CPU
		{4F71CF5E-7BAF-4768-BB12-50CEACBF5ADE}.Debug|Any CPU.Build.0 = Debug|Any CPU
		{4F71CF5E-7BAF-4768-BB12-50CEACBF5ADE}.Release|Any CPU.ActiveCfg = Release|Any CPU
		{4F71CF5E-7BAF-4768-BB12-50CEACBF5ADE}.Release|Any CPU.Build.0 = Release|Any CPU
	EndGlobalSection
	GlobalSection(SolutionProperties) = preSolution
		HideSolutionNode = FALSE
	EndGlobalSection
	GlobalSection(ExtensibilityGlobals) = postSolution
		SolutionGuid = {26573EF7-664F-4706-893A-0AA45B3BA21C}
	EndGlobalSection
EndGlobal
